// !$*UTF8*$!
{
	archiveVersion = 1;
	classes = {
	};
	objectVersion = 51;
	objects = {

/* Begin PBXBuildFile section */
		CD247C10681A29C2ED86325A /* Pods_FuelLog.framework in Frameworks */ = {isa = PBXBuildFile; fileRef = 1D1BCC28D2EAF8BDEF4AAB2A /* Pods_FuelLog.framework */; };
		D082B01F237318FB00F7228E /* GoogleService-Info.plist in Resources */ = {isa = PBXBuildFile; fileRef = D082B01E237318FB00F7228E /* GoogleService-Info.plist */; };
		D082B029237398CC00F7228E /* WelcomeViewController.swift in Sources */ = {isa = PBXBuildFile; fileRef = D082B028237398CC00F7228E /* WelcomeViewController.swift */; };
		D082B02B23739C4600F7228E /* DesignableButton.swift in Sources */ = {isa = PBXBuildFile; fileRef = D082B02A23739C4600F7228E /* DesignableButton.swift */; };
		D082B02D2373A81A00F7228E /* Helpers.swift in Sources */ = {isa = PBXBuildFile; fileRef = D082B02C2373A81A00F7228E /* Helpers.swift */; };
		D0E0F00E2364A7F9000F9E05 /* AppDelegate.swift in Sources */ = {isa = PBXBuildFile; fileRef = D0E0F00D2364A7F9000F9E05 /* AppDelegate.swift */; };
		D0E0F0122364A7F9000F9E05 /* FirstViewController.swift in Sources */ = {isa = PBXBuildFile; fileRef = D0E0F0112364A7F9000F9E05 /* FirstViewController.swift */; };
		D0E0F0142364A7F9000F9E05 /* SecondViewController.swift in Sources */ = {isa = PBXBuildFile; fileRef = D0E0F0132364A7F9000F9E05 /* SecondViewController.swift */; };
		D0E0F0172364A7F9000F9E05 /* Main.storyboard in Resources */ = {isa = PBXBuildFile; fileRef = D0E0F0152364A7F9000F9E05 /* Main.storyboard */; };
		D0E0F0192364A7FB000F9E05 /* Assets.xcassets in Resources */ = {isa = PBXBuildFile; fileRef = D0E0F0182364A7FB000F9E05 /* Assets.xcassets */; };
		D0E0F01C2364A7FB000F9E05 /* LaunchScreen.storyboard in Resources */ = {isa = PBXBuildFile; fileRef = D0E0F01A2364A7FB000F9E05 /* LaunchScreen.storyboard */; };
/* End PBXBuildFile section */

/* Begin PBXFileReference section */
		03D54753365B98252B673F0E /* Pods-FuelLog.release.xcconfig */ = {isa = PBXFileReference; includeInIndex = 1; lastKnownFileType = text.xcconfig; name = "Pods-FuelLog.release.xcconfig"; path = "Target Support Files/Pods-FuelLog/Pods-FuelLog.release.xcconfig"; sourceTree = "<group>"; };
		1D1BCC28D2EAF8BDEF4AAB2A /* Pods_FuelLog.framework */ = {isa = PBXFileReference; explicitFileType = wrapper.framework; includeInIndex = 0; path = Pods_FuelLog.framework; sourceTree = BUILT_PRODUCTS_DIR; };
		85E5A5E14F0B8F1E97D530BF /* Pods-FuelLog.debug.xcconfig */ = {isa = PBXFileReference; includeInIndex = 1; lastKnownFileType = text.xcconfig; name = "Pods-FuelLog.debug.xcconfig"; path = "Target Support Files/Pods-FuelLog/Pods-FuelLog.debug.xcconfig"; sourceTree = "<group>"; };
		D082B01E237318FB00F7228E /* GoogleService-Info.plist */ = {isa = PBXFileReference; fileEncoding = 4; lastKnownFileType = text.plist.xml; path = "GoogleService-Info.plist"; sourceTree = "<group>"; };
		D082B028237398CC00F7228E /* WelcomeViewController.swift */ = {isa = PBXFileReference; lastKnownFileType = sourcecode.swift; path = WelcomeViewController.swift; sourceTree = "<group>"; };
		D082B02A23739C4600F7228E /* DesignableButton.swift */ = {isa = PBXFileReference; lastKnownFileType = sourcecode.swift; path = DesignableButton.swift; sourceTree = "<group>"; };
		D082B02C2373A81A00F7228E /* Helpers.swift */ = {isa = PBXFileReference; lastKnownFileType = sourcecode.swift; path = Helpers.swift; sourceTree = "<group>"; };
		D0E0F00A2364A7F9000F9E05 /* FuelLog.app */ = {isa = PBXFileReference; explicitFileType = wrapper.application; includeInIndex = 0; path = FuelLog.app; sourceTree = BUILT_PRODUCTS_DIR; };
		D0E0F00D2364A7F9000F9E05 /* AppDelegate.swift */ = {isa = PBXFileReference; lastKnownFileType = sourcecode.swift; path = AppDelegate.swift; sourceTree = "<group>"; };
		D0E0F0112364A7F9000F9E05 /* FirstViewController.swift */ = {isa = PBXFileReference; lastKnownFileType = sourcecode.swift; path = FirstViewController.swift; sourceTree = "<group>"; };
		D0E0F0132364A7F9000F9E05 /* SecondViewController.swift */ = {isa = PBXFileReference; lastKnownFileType = sourcecode.swift; path = SecondViewController.swift; sourceTree = "<group>"; };
		D0E0F0162364A7F9000F9E05 /* Base */ = {isa = PBXFileReference; lastKnownFileType = file.storyboard; name = Base; path = Base.lproj/Main.storyboard; sourceTree = "<group>"; };
		D0E0F0182364A7FB000F9E05 /* Assets.xcassets */ = {isa = PBXFileReference; lastKnownFileType = folder.assetcatalog; path = Assets.xcassets; sourceTree = "<group>"; };
		D0E0F01B2364A7FB000F9E05 /* Base */ = {isa = PBXFileReference; lastKnownFileType = file.storyboard; name = Base; path = Base.lproj/LaunchScreen.storyboard; sourceTree = "<group>"; };
		D0E0F01D2364A7FB000F9E05 /* Info.plist */ = {isa = PBXFileReference; lastKnownFileType = text.plist.xml; path = Info.plist; sourceTree = "<group>"; };
/* End PBXFileReference section */

/* Begin PBXFrameworksBuildPhase section */
		D0E0F0072364A7F9000F9E05 /* Frameworks */ = {
			isa = PBXFrameworksBuildPhase;
			buildActionMask = 2147483647;
			files = (
				CD247C10681A29C2ED86325A /* Pods_FuelLog.framework in Frameworks */,
			);
			runOnlyForDeploymentPostprocessing = 0;
		};
/* End PBXFrameworksBuildPhase section */

/* Begin PBXGroup section */
		44C046B1ADC3DD13C8D96409 /* Pods */ = {
			isa = PBXGroup;
			children = (
				85E5A5E14F0B8F1E97D530BF /* Pods-FuelLog.debug.xcconfig */,
				03D54753365B98252B673F0E /* Pods-FuelLog.release.xcconfig */,
			);
			path = Pods;
			sourceTree = "<group>";
		};
		62B9745FC9985D1C2D7D4A87 /* Frameworks */ = {
			isa = PBXGroup;
			children = (
				1D1BCC28D2EAF8BDEF4AAB2A /* Pods_FuelLog.framework */,
			);
			name = Frameworks;
			sourceTree = "<group>";
		};
		D0BA164E2364AD5F00F72532 /* Controllers */ = {
			isa = PBXGroup;
			children = (
				D0E0F0112364A7F9000F9E05 /* FirstViewController.swift */,
				D0E0F0132364A7F9000F9E05 /* SecondViewController.swift */,
				D082B028237398CC00F7228E /* WelcomeViewController.swift */,
			);
			path = Controllers;
			sourceTree = "<group>";
		};
		D0E0F0012364A7F9000F9E05 = {
			isa = PBXGroup;
			children = (
				D0E0F00C2364A7F9000F9E05 /* FuelLog */,
				D0E0F00B2364A7F9000F9E05 /* Products */,
				44C046B1ADC3DD13C8D96409 /* Pods */,
				62B9745FC9985D1C2D7D4A87 /* Frameworks */,
			);
			sourceTree = "<group>";
		};
		D0E0F00B2364A7F9000F9E05 /* Products */ = {
			isa = PBXGroup;
			children = (
				D0E0F00A2364A7F9000F9E05 /* FuelLog.app */,
			);
			name = Products;
			sourceTree = "<group>";
		};
		D0E0F00C2364A7F9000F9E05 /* FuelLog */ = {
			isa = PBXGroup;
			children = (
				D0E0F00D2364A7F9000F9E05 /* AppDelegate.swift */,
				D082B02A23739C4600F7228E /* DesignableButton.swift */,
				D0BA164E2364AD5F00F72532 /* Controllers */,
				D0E0F0152364A7F9000F9E05 /* Main.storyboard */,
				D0E0F0182364A7FB000F9E05 /* Assets.xcassets */,
				D0E0F01A2364A7FB000F9E05 /* LaunchScreen.storyboard */,
				D0E0F01D2364A7FB000F9E05 /* Info.plist */,
				D082B02C2373A81A00F7228E /* Helpers.swift */,
				D082B01E237318FB00F7228E /* GoogleService-Info.plist */,
			);
			path = FuelLog;
			sourceTree = "<group>";
		};
/* End PBXGroup section */

/* Begin PBXNativeTarget section */
		D0E0F0092364A7F9000F9E05 /* FuelLog */ = {
			isa = PBXNativeTarget;
			buildConfigurationList = D0E0F0202364A7FB000F9E05 /* Build configuration list for PBXNativeTarget "FuelLog" */;
			buildPhases = (
				A856D51846FA583BF9F1018E /* [CP] Check Pods Manifest.lock */,
				D0E0F0062364A7F9000F9E05 /* Sources */,
				D0E0F0072364A7F9000F9E05 /* Frameworks */,
				D0E0F0082364A7F9000F9E05 /* Resources */,
				0975E654F598F469222EB60C /* [CP] Embed Pods Frameworks */,
			);
			buildRules = (
			);
			dependencies = (
			);
			name = FuelLog;
			productName = FuelLog;
			productReference = D0E0F00A2364A7F9000F9E05 /* FuelLog.app */;
			productType = "com.apple.product-type.application";
		};
/* End PBXNativeTarget section */

/* Begin PBXProject section */
		D0E0F0022364A7F9000F9E05 /* Project object */ = {
			isa = PBXProject;
			attributes = {
				LastSwiftUpdateCheck = 1110;
				LastUpgradeCheck = 1110;
				ORGANIZATIONNAME = "Redesajn Interactive Solutions";
				TargetAttributes = {
					D0E0F0092364A7F9000F9E05 = {
						CreatedOnToolsVersion = 11.1;
					};
				};
			};
			buildConfigurationList = D0E0F0052364A7F9000F9E05 /* Build configuration list for PBXProject "FuelLog" */;
			compatibilityVersion = "Xcode 9.3";
			developmentRegion = en;
			hasScannedForEncodings = 0;
			knownRegions = (
				en,
				Base,
			);
			mainGroup = D0E0F0012364A7F9000F9E05;
			productRefGroup = D0E0F00B2364A7F9000F9E05 /* Products */;
			projectDirPath = "";
			projectRoot = "";
			targets = (
				D0E0F0092364A7F9000F9E05 /* FuelLog */,
			);
		};
/* End PBXProject section */

/* Begin PBXResourcesBuildPhase section */
		D0E0F0082364A7F9000F9E05 /* Resources */ = {
			isa = PBXResourcesBuildPhase;
			buildActionMask = 2147483647;
			files = (
				D0E0F01C2364A7FB000F9E05 /* LaunchScreen.storyboard in Resources */,
				D082B01F237318FB00F7228E /* GoogleService-Info.plist in Resources */,
				D0E0F0192364A7FB000F9E05 /* Assets.xcassets in Resources */,
				D0E0F0172364A7F9000F9E05 /* Main.storyboard in Resources */,
			);
			runOnlyForDeploymentPostprocessing = 0;
		};
/* End PBXResourcesBuildPhase section */

/* Begin PBXShellScriptBuildPhase section */
		0975E654F598F469222EB60C /* [CP] Embed Pods Frameworks */ = {
			isa = PBXShellScriptBuildPhase;
			buildActionMask = 2147483647;
			files = (
			);
			inputFileListPaths = (
				"${PODS_ROOT}/Target Support Files/Pods-FuelLog/Pods-FuelLog-frameworks-${CONFIGURATION}-input-files.xcfilelist",
			);
			name = "[CP] Embed Pods Frameworks";
			outputFileListPaths = (
				"${PODS_ROOT}/Target Support Files/Pods-FuelLog/Pods-FuelLog-frameworks-${CONFIGURATION}-output-files.xcfilelist",
			);
			runOnlyForDeploymentPostprocessing = 0;
			shellPath = /bin/sh;
			shellScript = "\"${PODS_ROOT}/Target Support Files/Pods-FuelLog/Pods-FuelLog-frameworks.sh\"\n";
			showEnvVarsInLog = 0;
		};
		A856D51846FA583BF9F1018E /* [CP] Check Pods Manifest.lock */ = {
			isa = PBXShellScriptBuildPhase;
			buildActionMask = 2147483647;
			files = (
			);
			inputFileListPaths = (
			);
			inputPaths = (
				"${PODS_PODFILE_DIR_PATH}/Podfile.lock",
				"${PODS_ROOT}/Manifest.lock",
			);
			name = "[CP] Check Pods Manifest.lock";
			outputFileListPaths = (
			);
			outputPaths = (
				"$(DERIVED_FILE_DIR)/Pods-FuelLog-checkManifestLockResult.txt",
			);
			runOnlyForDeploymentPostprocessing = 0;
			shellPath = /bin/sh;
			shellScript = "diff \"${PODS_PODFILE_DIR_PATH}/Podfile.lock\" \"${PODS_ROOT}/Manifest.lock\" > /dev/null\nif [ $? != 0 ] ; then\n    # print error to STDERR\n    echo \"error: The sandbox is not in sync with the Podfile.lock. Run 'pod install' or update your CocoaPods installation.\" >&2\n    exit 1\nfi\n# This output is used by Xcode 'outputs' to avoid re-running this script phase.\necho \"SUCCESS\" > \"${SCRIPT_OUTPUT_FILE_0}\"\n";
			showEnvVarsInLog = 0;
		};
/* End PBXShellScriptBuildPhase section */

/* Begin PBXSourcesBuildPhase section */
		D0E0F0062364A7F9000F9E05 /* Sources */ = {
			isa = PBXSourcesBuildPhase;
			buildActionMask = 2147483647;
			files = (
				D0E0F0142364A7F9000F9E05 /* SecondViewController.swift in Sources */,
				D082B02D2373A81A00F7228E /* Helpers.swift in Sources */,
				D082B029237398CC00F7228E /* WelcomeViewController.swift in Sources */,
				D082B02B23739C4600F7228E /* DesignableButton.swift in Sources */,
				D0E0F0122364A7F9000F9E05 /* FirstViewController.swift in Sources */,
				D0E0F00E2364A7F9000F9E05 /* AppDelegate.swift in Sources */,
			);
			runOnlyForDeploymentPostprocessing = 0;
		};
/* End PBXSourcesBuildPhase section */

/* Begin PBXVariantGroup section */
		D0E0F0152364A7F9000F9E05 /* Main.storyboard */ = {
			isa = PBXVariantGroup;
			children = (
				D0E0F0162364A7F9000F9E05 /* Base */,
			);
			name = Main.storyboard;
			sourceTree = "<group>";
		};
		D0E0F01A2364A7FB000F9E05 /* LaunchScreen.storyboard */ = {
			isa = PBXVariantGroup;
			children = (
				D0E0F01B2364A7FB000F9E05 /* Base */,
			);
			name = LaunchScreen.storyboard;
			sourceTree = "<group>";
		};
/* End PBXVariantGroup section */

/* Begin XCBuildConfiguration section */
		D0E0F01E2364A7FB000F9E05 /* Debug */ = {
			isa = XCBuildConfiguration;
			buildSettings = {
				ALWAYS_SEARCH_USER_PATHS = NO;
				CLANG_ANALYZER_NONNULL = YES;
				CLANG_ANALYZER_NUMBER_OBJECT_CONVERSION = YES_AGGRESSIVE;
				CLANG_CXX_LANGUAGE_STANDARD = "gnu++14";
				CLANG_CXX_LIBRARY = "libc++";
				CLANG_ENABLE_MODULES = YES;
				CLANG_ENABLE_OBJC_ARC = YES;
				CLANG_ENABLE_OBJC_WEAK = YES;
				CLANG_WARN_BLOCK_CAPTURE_AUTORELEASING = YES;
				CLANG_WARN_BOOL_CONVERSION = YES;
				CLANG_WARN_COMMA = YES;
				CLANG_WARN_CONSTANT_CONVERSION = YES;
				CLANG_WARN_DEPRECATED_OBJC_IMPLEMENTATIONS = YES;
				CLANG_WARN_DIRECT_OBJC_ISA_USAGE = YES_ERROR;
				CLANG_WARN_DOCUMENTATION_COMMENTS = YES;
				CLANG_WARN_EMPTY_BODY = YES;
				CLANG_WARN_ENUM_CONVERSION = YES;
				CLANG_WARN_INFINITE_RECURSION = YES;
				CLANG_WARN_INT_CONVERSION = YES;
				CLANG_WARN_NON_LITERAL_NULL_CONVERSION = YES;
				CLANG_WARN_OBJC_IMPLICIT_RETAIN_SELF = YES;
				CLANG_WARN_OBJC_LITERAL_CONVERSION = YES;
				CLANG_WARN_OBJC_ROOT_CLASS = YES_ERROR;
				CLANG_WARN_RANGE_LOOP_ANALYSIS = YES;
				CLANG_WARN_STRICT_PROTOTYPES = YES;
				CLANG_WARN_SUSPICIOUS_MOVE = YES;
				CLANG_WARN_UNGUARDED_AVAILABILITY = YES_AGGRESSIVE;
				CLANG_WARN_UNREACHABLE_CODE = YES;
				CLANG_WARN__DUPLICATE_METHOD_MATCH = YES;
				COPY_PHASE_STRIP = NO;
				DEBUG_INFORMATION_FORMAT = dwarf;
				ENABLE_STRICT_OBJC_MSGSEND = YES;
				ENABLE_TESTABILITY = YES;
				GCC_C_LANGUAGE_STANDARD = gnu11;
				GCC_DYNAMIC_NO_PIC = NO;
				GCC_NO_COMMON_BLOCKS = YES;
				GCC_OPTIMIZATION_LEVEL = 0;
				GCC_PREPROCESSOR_DEFINITIONS = (
					"DEBUG=1",
					"$(inherited)",
				);
				GCC_WARN_64_TO_32_BIT_CONVERSION = YES;
				GCC_WARN_ABOUT_RETURN_TYPE = YES_ERROR;
				GCC_WARN_UNDECLARED_SELECTOR = YES;
				GCC_WARN_UNINITIALIZED_AUTOS = YES_AGGRESSIVE;
				GCC_WARN_UNUSED_FUNCTION = YES;
				GCC_WARN_UNUSED_VARIABLE = YES;
				IPHONEOS_DEPLOYMENT_TARGET = 13.1;
				MTL_ENABLE_DEBUG_INFO = INCLUDE_SOURCE;
				MTL_FAST_MATH = YES;
				ONLY_ACTIVE_ARCH = YES;
				SDKROOT = iphoneos;
				SWIFT_ACTIVE_COMPILATION_CONDITIONS = DEBUG;
				SWIFT_OPTIMIZATION_LEVEL = "-Onone";
			};
			name = Debug;
		};
		D0E0F01F2364A7FB000F9E05 /* Release */ = {
			isa = XCBuildConfiguration;
			buildSettings = {
				ALWAYS_SEARCH_USER_PATHS = NO;
				CLANG_ANALYZER_NONNULL = YES;
				CLANG_ANALYZER_NUMBER_OBJECT_CONVERSION = YES_AGGRESSIVE;
				CLANG_CXX_LANGUAGE_STANDARD = "gnu++14";
				CLANG_CXX_LIBRARY = "libc++";
				CLANG_ENABLE_MODULES = YES;
				CLANG_ENABLE_OBJC_ARC = YES;
				CLANG_ENABLE_OBJC_WEAK = YES;
				CLANG_WARN_BLOCK_CAPTURE_AUTORELEASING = YES;
				CLANG_WARN_BOOL_CONVERSION = YES;
				CLANG_WARN_COMMA = YES;
				CLANG_WARN_CONSTANT_CONVERSION = YES;
				CLANG_WARN_DEPRECATED_OBJC_IMPLEMENTATIONS = YES;
				CLANG_WARN_DIRECT_OBJC_ISA_USAGE = YES_ERROR;
				CLANG_WARN_DOCUMENTATION_COMMENTS = YES;
				CLANG_WARN_EMPTY_BODY = YES;
				CLANG_WARN_ENUM_CONVERSION = YES;
				CLANG_WARN_INFINITE_RECURSION = YES;
				CLANG_WARN_INT_CONVERSION = YES;
				CLANG_WARN_NON_LITERAL_NULL_CONVERSION = YES;
				CLANG_WARN_OBJC_IMPLICIT_RETAIN_SELF = YES;
				CLANG_WARN_OBJC_LITERAL_CONVERSION = YES;
				CLANG_WARN_OBJC_ROOT_CLASS = YES_ERROR;
				CLANG_WARN_RANGE_LOOP_ANALYSIS = YES;
				CLANG_WARN_STRICT_PROTOTYPES = YES;
				CLANG_WARN_SUSPICIOUS_MOVE = YES;
				CLANG_WARN_UNGUARDED_AVAILABILITY = YES_AGGRESSIVE;
				CLANG_WARN_UNREACHABLE_CODE = YES;
				CLANG_WARN__DUPLICATE_METHOD_MATCH = YES;
				COPY_PHASE_STRIP = NO;
				DEBUG_INFORMATION_FORMAT = "dwarf-with-dsym";
				ENABLE_NS_ASSERTIONS = NO;
				ENABLE_STRICT_OBJC_MSGSEND = YES;
				GCC_C_LANGUAGE_STANDARD = gnu11;
				GCC_NO_COMMON_BLOCKS = YES;
				GCC_WARN_64_TO_32_BIT_CONVERSION = YES;
				GCC_WARN_ABOUT_RETURN_TYPE = YES_ERROR;
				GCC_WARN_UNDECLARED_SELECTOR = YES;
				GCC_WARN_UNINITIALIZED_AUTOS = YES_AGGRESSIVE;
				GCC_WARN_UNUSED_FUNCTION = YES;
				GCC_WARN_UNUSED_VARIABLE = YES;
				IPHONEOS_DEPLOYMENT_TARGET = 13.1;
				MTL_ENABLE_DEBUG_INFO = NO;
				MTL_FAST_MATH = YES;
				SDKROOT = iphoneos;
				SWIFT_COMPILATION_MODE = wholemodule;
				SWIFT_OPTIMIZATION_LEVEL = "-O";
				VALIDATE_PRODUCT = YES;
			};
			name = Release;
		};
		D0E0F0212364A7FB000F9E05 /* Debug */ = {
			isa = XCBuildConfiguration;
			baseConfigurationReference = 85E5A5E14F0B8F1E97D530BF /* Pods-FuelLog.debug.xcconfig */;
			buildSettings = {
				ASSETCATALOG_COMPILER_APPICON_NAME = AppIcon;
				CODE_SIGN_STYLE = Automatic;
				DEVELOPMENT_TEAM = 8LQCVK238Y;
				INFOPLIST_FILE = FuelLog/Info.plist;
				IPHONEOS_DEPLOYMENT_TARGET = 11.0;
				LD_RUNPATH_SEARCH_PATHS = (
					"$(inherited)",
					"@executable_path/Frameworks",
				);
				PRODUCT_BUNDLE_IDENTIFIER = com.redesajn.FuelLog;
				PRODUCT_NAME = "$(TARGET_NAME)";
				SWIFT_VERSION = 5.0;
				TARGETED_DEVICE_FAMILY = "1,2";
			};
			name = Debug;
		};
		D0E0F0222364A7FB000F9E05 /* Release */ = {
			isa = XCBuildConfiguration;
			baseConfigurationReference = 03D54753365B98252B673F0E /* Pods-FuelLog.release.xcconfig */;
			buildSettings = {
				ASSETCATALOG_COMPILER_APPICON_NAME = AppIcon;
				CODE_SIGN_STYLE = Automatic;
				DEVELOPMENT_TEAM = 8LQCVK238Y;
				INFOPLIST_FILE = FuelLog/Info.plist;
				IPHONEOS_DEPLOYMENT_TARGET = 11.0;
				LD_RUNPATH_SEARCH_PATHS = (
					"$(inherited)",
					"@executable_path/Frameworks",
				);
				PRODUCT_BUNDLE_IDENTIFIER = com.redesajn.FuelLog;
				PRODUCT_NAME = "$(TARGET_NAME)";
				SWIFT_VERSION = 5.0;
				TARGETED_DEVICE_FAMILY = "1,2";
			};
			name = Release;
		};
/* End XCBuildConfiguration section */

/* Begin XCConfigurationList section */
		D0E0F0052364A7F9000F9E05 /* Build configuration list for PBXProject "FuelLog" */ = {
			isa = XCConfigurationList;
			buildConfigurations = (
				D0E0F01E2364A7FB000F9E05 /* Debug */,
				D0E0F01F2364A7FB000F9E05 /* Release */,
			);
			defaultConfigurationIsVisible = 0;
			defaultConfigurationName = Release;
		};
		D0E0F0202364A7FB000F9E05 /* Build configuration list for PBXNativeTarget "FuelLog" */ = {
			isa = XCConfigurationList;
			buildConfigurations = (
				D0E0F0212364A7FB000F9E05 /* Debug */,
				D0E0F0222364A7FB000F9E05 /* Release */,
			);
			defaultConfigurationIsVisible = 0;
			defaultConfigurationName = Release;
		};
/* End XCConfigurationList section */
	};
	rootObject = D0E0F0022364A7F9000F9E05 /* Project object */;
}
